// !$*UTF8*$!
{
	archiveVersion = 1;
	classes = {
	};
	objectVersion = 46;
	objects = {

/* Begin PBXBuildFile section */
		4D8DB8D61E799432009575E4 /* AppDelegate.swift in Sources */ = {isa = PBXBuildFile; fileRef = 4D8DB8D51E799432009575E4 /* AppDelegate.swift */; };
		4D8DB8D81E799432009575E4 /* WeatherTodayVC.swift in Sources */ = {isa = PBXBuildFile; fileRef = 4D8DB8D71E799432009575E4 /* WeatherTodayVC.swift */; };
		4D8DB8DB1E799432009575E4 /* Main.storyboard in Resources */ = {isa = PBXBuildFile; fileRef = 4D8DB8D91E799432009575E4 /* Main.storyboard */; };
		4D8DB8DD1E799432009575E4 /* Assets.xcassets in Resources */ = {isa = PBXBuildFile; fileRef = 4D8DB8DC1E799432009575E4 /* Assets.xcassets */; };
		4D8DB8E01E799432009575E4 /* LaunchScreen.storyboard in Resources */ = {isa = PBXBuildFile; fileRef = 4D8DB8DE1E799432009575E4 /* LaunchScreen.storyboard */; };
		4D8DB8E81E79A150009575E4 /* CurrentWeather.swift in Sources */ = {isa = PBXBuildFile; fileRef = 4D8DB8E71E79A150009575E4 /* CurrentWeather.swift */; };
		4D8DB8EA1E79D252009575E4 /* Constants.swift in Sources */ = {isa = PBXBuildFile; fileRef = 4D8DB8E91E79D252009575E4 /* Constants.swift */; };
		4D8DB8EE1E79E93F009575E4 /* Forecast.swift in Sources */ = {isa = PBXBuildFile; fileRef = 4D8DB8ED1E79E93F009575E4 /* Forecast.swift */; };
		4D8DB8F01E79EE20009575E4 /* AlamofireDownload.swift in Sources */ = {isa = PBXBuildFile; fileRef = 4D8DB8EF1E79EE20009575E4 /* AlamofireDownload.swift */; };
		4D8DB8F41E79FA16009575E4 /* WeatherCell.swift in Sources */ = {isa = PBXBuildFile; fileRef = 4D8DB8F31E79FA16009575E4 /* WeatherCell.swift */; };
		9CA7209E2EADE8EC5F77060C /* Pods_WeatherToday.framework in Frameworks */ = {isa = PBXBuildFile; fileRef = D7EC2AB3DBB929A209C28335 /* Pods_WeatherToday.framework */; };
/* End PBXBuildFile section */

/* Begin PBXFileReference section */
		4D8DB8D21E799432009575E4 /* WeatherToday.app */ = {isa = PBXFileReference; explicitFileType = wrapper.application; includeInIndex = 0; path = WeatherToday.app; sourceTree = BUILT_PRODUCTS_DIR; };
		4D8DB8D51E799432009575E4 /* AppDelegate.swift */ = {isa = PBXFileReference; lastKnownFileType = sourcecode.swift; path = AppDelegate.swift; sourceTree = "<group>"; };
		4D8DB8D71E799432009575E4 /* WeatherTodayVC.swift */ = {isa = PBXFileReference; lastKnownFileType = sourcecode.swift; path = WeatherTodayVC.swift; sourceTree = "<group>"; };
		4D8DB8DA1E799432009575E4 /* Base */ = {isa = PBXFileReference; lastKnownFileType = file.storyboard; name = Base; path = Base.lproj/Main.storyboard; sourceTree = "<group>"; };
		4D8DB8DC1E799432009575E4 /* Assets.xcassets */ = {isa = PBXFileReference; lastKnownFileType = folder.assetcatalog; path = Assets.xcassets; sourceTree = "<group>"; };
		4D8DB8DF1E799432009575E4 /* Base */ = {isa = PBXFileReference; lastKnownFileType = file.storyboard; name = Base; path = Base.lproj/LaunchScreen.storyboard; sourceTree = "<group>"; };
		4D8DB8E11E799432009575E4 /* Info.plist */ = {isa = PBXFileReference; lastKnownFileType = text.plist.xml; path = Info.plist; sourceTree = "<group>"; };
		4D8DB8E71E79A150009575E4 /* CurrentWeather.swift */ = {isa = PBXFileReference; fileEncoding = 4; lastKnownFileType = sourcecode.swift; path = CurrentWeather.swift; sourceTree = "<group>"; };
		4D8DB8E91E79D252009575E4 /* Constants.swift */ = {isa = PBXFileReference; fileEncoding = 4; lastKnownFileType = sourcecode.swift; path = Constants.swift; sourceTree = "<group>"; };
		4D8DB8ED1E79E93F009575E4 /* Forecast.swift */ = {isa = PBXFileReference; fileEncoding = 4; lastKnownFileType = sourcecode.swift; path = Forecast.swift; sourceTree = "<group>"; };
		4D8DB8EF1E79EE20009575E4 /* AlamofireDownload.swift */ = {isa = PBXFileReference; fileEncoding = 4; lastKnownFileType = sourcecode.swift; path = AlamofireDownload.swift; sourceTree = "<group>"; };
		4D8DB8F31E79FA16009575E4 /* WeatherCell.swift */ = {isa = PBXFileReference; fileEncoding = 4; lastKnownFileType = sourcecode.swift; path = WeatherCell.swift; sourceTree = "<group>"; };
		6144C6AEBD5F7676099953D3 /* Pods-WeatherToday.release.xcconfig */ = {isa = PBXFileReference; includeInIndex = 1; lastKnownFileType = text.xcconfig; name = "Pods-WeatherToday.release.xcconfig"; path = "Pods/Target Support Files/Pods-WeatherToday/Pods-WeatherToday.release.xcconfig"; sourceTree = "<group>"; };
		D7EC2AB3DBB929A209C28335 /* Pods_WeatherToday.framework */ = {isa = PBXFileReference; explicitFileType = wrapper.framework; includeInIndex = 0; path = Pods_WeatherToday.framework; sourceTree = BUILT_PRODUCTS_DIR; };
		F784EE1B18615E312665C810 /* Pods-WeatherToday.debug.xcconfig */ = {isa = PBXFileReference; includeInIndex = 1; lastKnownFileType = text.xcconfig; name = "Pods-WeatherToday.debug.xcconfig"; path = "Pods/Target Support Files/Pods-WeatherToday/Pods-WeatherToday.debug.xcconfig"; sourceTree = "<group>"; };
/* End PBXFileReference section */

/* Begin PBXFrameworksBuildPhase section */
		4D8DB8CF1E799432009575E4 /* Frameworks */ = {
			isa = PBXFrameworksBuildPhase;
			buildActionMask = 2147483647;
			files = (
				9CA7209E2EADE8EC5F77060C /* Pods_WeatherToday.framework in Frameworks */,
			);
			runOnlyForDeploymentPostprocessing = 0;
		};
/* End PBXFrameworksBuildPhase section */

/* Begin PBXGroup section */
		1153294BE31147CE69B19C02 /* Pods */ = {
			isa = PBXGroup;
			children = (
				F784EE1B18615E312665C810 /* Pods-WeatherToday.debug.xcconfig */,
				6144C6AEBD5F7676099953D3 /* Pods-WeatherToday.release.xcconfig */,
			);
			name = Pods;
			sourceTree = "<group>";
		};
		4D8DB8C91E799432009575E4 = {
			isa = PBXGroup;
			children = (
				4D8DB8D41E799432009575E4 /* WeatherToday */,
				4D8DB8D31E799432009575E4 /* Products */,
				1153294BE31147CE69B19C02 /* Pods */,
				6025306F9E56723393BD0BBA /* Frameworks */,
			);
			sourceTree = "<group>";
		};
		4D8DB8D31E799432009575E4 /* Products */ = {
			isa = PBXGroup;
			children = (
				4D8DB8D21E799432009575E4 /* WeatherToday.app */,
			);
			name = Products;
			sourceTree = "<group>";
		};
		4D8DB8D41E799432009575E4 /* WeatherToday */ = {
			isa = PBXGroup;
			children = (
				4D8DB8D51E799432009575E4 /* AppDelegate.swift */,
				4D8DB8D71E799432009575E4 /* WeatherTodayVC.swift */,
				4D8DB8D91E799432009575E4 /* Main.storyboard */,
				4D8DB8DC1E799432009575E4 /* Assets.xcassets */,
				4D8DB8DE1E799432009575E4 /* LaunchScreen.storyboard */,
				4D8DB8E11E799432009575E4 /* Info.plist */,
				4D8DB8E91E79D252009575E4 /* Constants.swift */,
				4D8DB8E71E79A150009575E4 /* CurrentWeather.swift */,
				4D8DB8ED1E79E93F009575E4 /* Forecast.swift */,
				4D8DB8EF1E79EE20009575E4 /* AlamofireDownload.swift */,
				4D8DB8F31E79FA16009575E4 /* WeatherCell.swift */,
			);
			path = WeatherToday;
			sourceTree = "<group>";
		};
		6025306F9E56723393BD0BBA /* Frameworks */ = {
			isa = PBXGroup;
			children = (
				D7EC2AB3DBB929A209C28335 /* Pods_WeatherToday.framework */,
			);
			name = Frameworks;
			sourceTree = "<group>";
		};
/* End PBXGroup section */

/* Begin PBXNativeTarget section */
		4D8DB8D11E799432009575E4 /* WeatherToday */ = {
			isa = PBXNativeTarget;
			buildConfigurationList = 4D8DB8E41E799432009575E4 /* Build configuration list for PBXNativeTarget "WeatherToday" */;
			buildPhases = (
				3FA67C53DB171F76C226A8D1 /* [CP] Check Pods Manifest.lock */,
				4D8DB8CE1E799432009575E4 /* Sources */,
				4D8DB8CF1E799432009575E4 /* Frameworks */,
				4D8DB8D01E799432009575E4 /* Resources */,
				B0952B5C9E43CE62026A7D30 /* [CP] Embed Pods Frameworks */,
				AF2EABBA95AD303B2F539AB9 /* [CP] Copy Pods Resources */,
			);
			buildRules = (
			);
			dependencies = (
			);
			name = WeatherToday;
			productName = WeatherToday;
			productReference = 4D8DB8D21E799432009575E4 /* WeatherToday.app */;
			productType = "com.apple.product-type.application";
		};
/* End PBXNativeTarget section */

/* Begin PBXProject section */
		4D8DB8CA1E799432009575E4 /* Project object */ = {
			isa = PBXProject;
			attributes = {
				LastSwiftUpdateCheck = 0820;
				LastUpgradeCheck = 0820;
				ORGANIZATIONNAME = "Laurent Liu";
				TargetAttributes = {
					4D8DB8D11E799432009575E4 = {
						CreatedOnToolsVersion = 8.2.1;
						DevelopmentTeam = 7XU99E8K2E;
						ProvisioningStyle = Automatic;
					};
				};
			};
			buildConfigurationList = 4D8DB8CD1E799432009575E4 /* Build configuration list for PBXProject "WeatherToday" */;
			compatibilityVersion = "Xcode 3.2";
			developmentRegion = English;
			hasScannedForEncodings = 0;
			knownRegions = (
				en,
				Base,
			);
			mainGroup = 4D8DB8C91E799432009575E4;
			productRefGroup = 4D8DB8D31E799432009575E4 /* Products */;
			projectDirPath = "";
			projectRoot = "";
			targets = (
				4D8DB8D11E799432009575E4 /* WeatherToday */,
			);
		};
/* End PBXProject section */

/* Begin PBXResourcesBuildPhase section */
		4D8DB8D01E799432009575E4 /* Resources */ = {
			isa = PBXResourcesBuildPhase;
			buildActionMask = 2147483647;
			files = (
				4D8DB8E01E799432009575E4 /* LaunchScreen.storyboard in Resources */,
				4D8DB8DD1E799432009575E4 /* Assets.xcassets in Resources */,
				4D8DB8DB1E799432009575E4 /* Main.storyboard in Resources */,
			);
			runOnlyForDeploymentPostprocessing = 0;
		};
/* End PBXResourcesBuildPhase section */

/* Begin PBXShellScriptBuildPhase section */
		3FA67C53DB171F76C226A8D1 /* [CP] Check Pods Manifest.lock */ = {
			isa = PBXShellScriptBuildPhase;
			buildActionMask = 2147483647;
			files = (
			);
			inputPaths = (
			);
			name = "[CP] Check Pods Manifest.lock";
			outputPaths = (
			);
			runOnlyForDeploymentPostprocessing = 0;
			shellPath = /bin/sh;
			shellScript = "diff \"${PODS_PODFILE_DIR_PATH}/Podfile.lock\" \"${PODS_ROOT}/Manifest.lock\" > /dev/null\nif [ $? != 0 ] ; then\n    # print error to STDERR\n    echo \"error: The sandbox is not in sync with the Podfile.lock. Run 'pod install' or update your CocoaPods installation.\" >&2\n    exit 1\nfi\n";
			showEnvVarsInLog = 0;
		};
		AF2EABBA95AD303B2F539AB9 /* [CP] Copy Pods Resources */ = {
			isa = PBXShellScriptBuildPhase;
			buildActionMask = 2147483647;
			files = (
			);
			inputPaths = (
			);
			name = "[CP] Copy Pods Resources";
			outputPaths = (
			);
			runOnlyForDeploymentPostprocessing = 0;
			shellPath = /bin/sh;
			shellScript = "\"${SRCROOT}/Pods/Target Support Files/Pods-WeatherToday/Pods-WeatherToday-resources.sh\"\n";
			showEnvVarsInLog = 0;
		};
		B0952B5C9E43CE62026A7D30 /* [CP] Embed Pods Frameworks */ = {
			isa = PBXShellScriptBuildPhase;
			buildActionMask = 2147483647;
			files = (
			);
			inputPaths = (
			);
			name = "[CP] Embed Pods Frameworks";
			outputPaths = (
			);
			runOnlyForDeploymentPostprocessing = 0;
			shellPath = /bin/sh;
			shellScript = "\"${SRCROOT}/Pods/Target Support Files/Pods-WeatherToday/Pods-WeatherToday-frameworks.sh\"\n";
			showEnvVarsInLog = 0;
		};
/* End PBXShellScriptBuildPhase section */

/* Begin PBXSourcesBuildPhase section */
		4D8DB8CE1E799432009575E4 /* Sources */ = {
			isa = PBXSourcesBuildPhase;
			buildActionMask = 2147483647;
			files = (
				4D8DB8D81E799432009575E4 /* WeatherTodayVC.swift in Sources */,
				4D8DB8E81E79A150009575E4 /* CurrentWeather.swift in Sources */,
				4D8DB8F01E79EE20009575E4 /* AlamofireDownload.swift in Sources */,
				4D8DB8D61E799432009575E4 /* AppDelegate.swift in Sources */,
				4D8DB8EA1E79D252009575E4 /* Constants.swift in Sources */,
				4D8DB8EE1E79E93F009575E4 /* Forecast.swift in Sources */,
				4D8DB8F41E79FA16009575E4 /* WeatherCell.swift in Sources */,
			);
			runOnlyForDeploymentPostprocessing = 0;
		};
/* End PBXSourcesBuildPhase section */

/* Begin PBXVariantGroup section */
		4D8DB8D91E799432009575E4 /* Main.storyboard */ = {
			isa = PBXVariantGroup;
			children = (
				4D8DB8DA1E799432009575E4 /* Base */,
			);
			name = Main.storyboard;
			sourceTree = "<group>";
		};
		4D8DB8DE1E799432009575E4 /* LaunchScreen.storyboard */ = {
			isa = PBXVariantGroup;
			children = (
				4D8DB8DF1E799432009575E4 /* Base */,
			);
			name = LaunchScreen.storyboard;
			sourceTree = "<group>";
		};
/* End PBXVariantGroup section */

/* Begin XCBuildConfiguration section */
		4D8DB8E21E799432009575E4 /* Debug */ = {
			isa = XCBuildConfiguration;
			buildSettings = {
				ALWAYS_SEARCH_USER_PATHS = NO;
				CLANG_ANALYZER_NONNULL = YES;
				CLANG_CXX_LANGUAGE_STANDARD = "gnu++0x";
				CLANG_CXX_LIBRARY = "libc++";
				CLANG_ENABLE_MODULES = YES;
				CLANG_ENABLE_OBJC_ARC = YES;
				CLANG_WARN_BOOL_CONVERSION = YES;
				CLANG_WARN_CONSTANT_CONVERSION = YES;
				CLANG_WARN_DIRECT_OBJC_ISA_USAGE = YES_ERROR;
				CLANG_WARN_DOCUMENTATION_COMMENTS = YES;
				CLANG_WARN_EMPTY_BODY = YES;
				CLANG_WARN_ENUM_CONVERSION = YES;
				CLANG_WARN_INFINITE_RECURSION = YES;
				CLANG_WARN_INT_CONVERSION = YES;
				CLANG_WARN_OBJC_ROOT_CLASS = YES_ERROR;
				CLANG_WARN_SUSPICIOUS_MOVE = YES;
				CLANG_WARN_UNREACHABLE_CODE = YES;
				CLANG_WARN__DUPLICATE_METHOD_MATCH = YES;
				"CODE_SIGN_IDENTITY[sdk=iphoneos*]" = "iPhone Developer";
				COPY_PHASE_STRIP = NO;
				DEBUG_INFORMATION_FORMAT = dwarf;
				ENABLE_STRICT_OBJC_MSGSEND = YES;
				ENABLE_TESTABILITY = YES;
				GCC_C_LANGUAGE_STANDARD = gnu99;
				GCC_DYNAMIC_NO_PIC = NO;
				GCC_NO_COMMON_BLOCKS = YES;
				GCC_OPTIMIZATION_LEVEL = 0;
				GCC_PREPROCESSOR_DEFINITIONS = (
					"DEBUG=1",
					"$(inherited)",
				);
				GCC_WARN_64_TO_32_BIT_CONVERSION = YES;
				GCC_WARN_ABOUT_RETURN_TYPE = YES_ERROR;
				GCC_WARN_UNDECLARED_SELECTOR = YES;
				GCC_WARN_UNINITIALIZED_AUTOS = YES_AGGRESSIVE;
				GCC_WARN_UNUSED_FUNCTION = YES;
				GCC_WARN_UNUSED_VARIABLE = YES;
				IPHONEOS_DEPLOYMENT_TARGET = 10.2;
				MTL_ENABLE_DEBUG_INFO = YES;
				ONLY_ACTIVE_ARCH = YES;
				SDKROOT = iphoneos;
				SWIFT_ACTIVE_COMPILATION_CONDITIONS = DEBUG;
				SWIFT_OPTIMIZATION_LEVEL = "-Onone";
			};
			name = Debug;
		};
		4D8DB8E31E799432009575E4 /* Release */ = {
			isa = XCBuildConfiguration;
			buildSettings = {
				ALWAYS_SEARCH_USER_PATHS = NO;
				CLANG_ANALYZER_NONNULL = YES;
				CLANG_CXX_LANGUAGE_STANDARD = "gnu++0x";
				CLANG_CXX_LIBRARY = "libc++";
				CLANG_ENABLE_MODULES = YES;
				CLANG_ENABLE_OBJC_ARC = YES;
				CLANG_WARN_BOOL_CONVERSION = YES;
				CLANG_WARN_CONSTANT_CONVERSION = YES;
				CLANG_WARN_DIRECT_OBJC_ISA_USAGE = YES_ERROR;
				CLANG_WARN_DOCUMENTATION_COMMENTS = YES;
				CLANG_WARN_EMPTY_BODY = YES;
				CLANG_WARN_ENUM_CONVERSION = YES;
				CLANG_WARN_INFINITE_RECURSION = YES;
				CLANG_WARN_INT_CONVERSION = YES;
				CLANG_WARN_OBJC_ROOT_CLASS = YES_ERROR;
				CLANG_WARN_SUSPICIOUS_MOVE = YES;
				CLANG_WARN_UNREACHABLE_CODE = YES;
				CLANG_WARN__DUPLICATE_METHOD_MATCH = YES;
				"CODE_SIGN_IDENTITY[sdk=iphoneos*]" = "iPhone Developer";
				COPY_PHASE_STRIP = NO;
				DEBUG_INFORMATION_FORMAT = "dwarf-with-dsym";
				ENABLE_NS_ASSERTIONS = NO;
				ENABLE_STRICT_OBJC_MSGSEND = YES;
				GCC_C_LANGUAGE_STANDARD = gnu99;
				GCC_NO_COMMON_BLOCKS = YES;
				GCC_WARN_64_TO_32_BIT_CONVERSION = YES;
				GCC_WARN_ABOUT_RETURN_TYPE = YES_ERROR;
				GCC_WARN_UNDECLARED_SELECTOR = YES;
				GCC_WARN_UNINITIALIZED_AUTOS = YES_AGGRESSIVE;
				GCC_WARN_UNUSED_FUNCTION = YES;
				GCC_WARN_UNUSED_VARIABLE = YES;
				IPHONEOS_DEPLOYMENT_TARGET = 10.2;
				MTL_ENABLE_DEBUG_INFO = NO;
				SDKROOT = iphoneos;
				SWIFT_OPTIMIZATION_LEVEL = "-Owholemodule";
				VALIDATE_PRODUCT = YES;
			};
			name = Release;
		};
		4D8DB8E51E799432009575E4 /* Debug */ = {
			isa = XCBuildConfiguration;
			baseConfigurationReference = F784EE1B18615E312665C810 /* Pods-WeatherToday.debug.xcconfig */;
			buildSettings = {
				ASSETCATALOG_COMPILER_APPICON_NAME = AppIcon;
				DEVELOPMENT_TEAM = 7XU99E8K2E;
				INFOPLIST_FILE = WeatherToday/Info.plist;
				LD_RUNPATH_SEARCH_PATHS = "$(inherited) @executable_path/Frameworks";
				PRODUCT_BUNDLE_IDENTIFIER = com.ruofeng.WeatherToday;
				PRODUCT_NAME = "$(TARGET_NAME)";
				SWIFT_VERSION = 3.0;
			};
			name = Debug;
		};
		4D8DB8E61E799432009575E4 /* Release */ = {
			isa = XCBuildConfiguration;
			baseConfigurationReference = 6144C6AEBD5F7676099953D3 /* Pods-WeatherToday.release.xcconfig */;
			buildSettings = {
				ASSETCATALOG_COMPILER_APPICON_NAME = AppIcon;
				DEVELOPMENT_TEAM = 7XU99E8K2E;
				INFOPLIST_FILE = WeatherToday/Info.plist;
				LD_RUNPATH_SEARCH_PATHS = "$(inherited) @executable_path/Frameworks";
				PRODUCT_BUNDLE_IDENTIFIER = com.ruofeng.WeatherToday;
				PRODUCT_NAME = "$(TARGET_NAME)";
				SWIFT_VERSION = 3.0;
			};
			name = Release;
		};
/* End XCBuildConfiguration section */

/* Begin XCConfigurationList section */
		4D8DB8CD1E799432009575E4 /* Build configuration list for PBXProject "WeatherToday" */ = {
			isa = XCConfigurationList;
			buildConfigurations = (
				4D8DB8E21E799432009575E4 /* Debug */,
				4D8DB8E31E799432009575E4 /* Release */,
			);
			defaultConfigurationIsVisible = 0;
			defaultConfigurationName = Release;
		};
		4D8DB8E41E799432009575E4 /* Build configuration list for PBXNativeTarget "WeatherToday" */ = {
			isa = XCConfigurationList;
			buildConfigurations = (
				4D8DB8E51E799432009575E4 /* Debug */,
				4D8DB8E61E799432009575E4 /* Release */,
			);
			defaultConfigurationIsVisible = 0;
			defaultConfigurationName = Release;
		};
/* End XCConfigurationList section */
	};
	rootObject = 4D8DB8CA1E799432009575E4 /* Project object */;
}
